
Microsoft Visual Studio Solution File, Format Version 12.00
# Visual Studio 2015
Project("{FAE04EC0-301F-11D3-BF4B-00C04F79EFBC}") = "Reversi Unity3D.CSharp", "Reversi Unity3D.CSharp.csproj", "{14495597-F690-5CC6-9C85-F5A10B0FB306}"
EndProject
Global
	GlobalSection(SolutionConfigurationPlatforms) = preSolution
		Debug|Any CPU = Debug|Any CPU
		Release|Any CPU = Release|Any CPU
	EndGlobalSection
	GlobalSection(ProjectConfigurationPlatforms) = postSolution
		{14495597-F690-5CC6-9C85-F5A10B0FB306}.Debug|Any CPU.ActiveCfg = Debug|Any CPU
		{14495597-F690-5CC6-9C85-F5A10B0FB306}.Debug|Any CPU.Build.0 = Debug|Any CPU
		{14495597-F690-5CC6-9C85-F5A10B0FB306}.Release|Any CPU.ActiveCfg = Release|Any CPU
		{14495597-F690-5CC6-9C85-F5A10B0FB306}.Release|Any CPU.Build.0 = Release|Any CPU
	EndGlobalSection
	GlobalSection(SolutionProperties) = preSolution
		HideSolutionNode = FALSE
	EndGlobalSection
EndGlobal
