// !$*UTF8*$!
{
	archiveVersion = 1;
	classes = {
	};
	objectVersion = 46;
	objects = {

/* Begin PBXBuildFile section */
		2B310B501CAD5D87003E62D0 /* main.cpp in Sources */ = {isa = PBXBuildFile; fileRef = 2B310B4F1CAD5D87003E62D0 /* main.cpp */; };
/* End PBXBuildFile section */

/* Begin PBXCopyFilesBuildPhase section */
		2B310B4A1CAD5D87003E62D0 /* CopyFiles */ = {
			isa = PBXCopyFilesBuildPhase;
			buildActionMask = 2147483647;
			dstPath = /usr/share/man/man1/;
			dstSubfolderSpec = 0;
			files = (
			);
			runOnlyForDeploymentPostprocessing = 1;
		};
/* End PBXCopyFilesBuildPhase section */

/* Begin PBXFileReference section */
		2B310B4C1CAD5D87003E62D0 /* CPE-593-group_project */ = {isa = PBXFileReference; explicitFileType = "compiled.mach-o.executable"; includeInIndex = 0; path = "CPE-593-group_project"; sourceTree = BUILT_PRODUCTS_DIR; };
		2B310B4F1CAD5D87003E62D0 /* main.cpp */ = {isa = PBXFileReference; lastKnownFileType = sourcecode.cpp.cpp; path = main.cpp; sourceTree = "<group>"; };
		2B310B571CAD6643003E62D0 /* Board.hpp */ = {isa = PBXFileReference; fileEncoding = 4; lastKnownFileType = sourcecode.cpp.h; path = Board.hpp; sourceTree = "<group>"; };
		2B310B591CAD9697003E62D0 /* Player.hpp */ = {isa = PBXFileReference; fileEncoding = 4; lastKnownFileType = sourcecode.cpp.h; path = Player.hpp; sourceTree = "<group>"; };
		2B310B5A1CADA25F003E62D0 /* Player_human.hpp */ = {isa = PBXFileReference; lastKnownFileType = sourcecode.cpp.h; path = Player_human.hpp; sourceTree = "<group>"; };
		2B310B5C1CB0C2E9003E62D0 /* Administer.hpp */ = {isa = PBXFileReference; lastKnownFileType = sourcecode.cpp.h; name = Administer.hpp; path = ../Administer.hpp; sourceTree = "<group>"; };
		2B310B5D1CB2A759003E62D0 /* Player_random.hpp */ = {isa = PBXFileReference; lastKnownFileType = sourcecode.cpp.h; path = Player_random.hpp; sourceTree = "<group>"; };
		2B310B5F1CB2C335003E62D0 /* Player_greedy.hpp */ = {isa = PBXFileReference; lastKnownFileType = sourcecode.cpp.h; name = Player_greedy.hpp; path = ../Player_greedy.hpp; sourceTree = "<group>"; };
		2B69D8711CB5478200354EDA /* Player_thinker.hpp */ = {isa = PBXFileReference; lastKnownFileType = sourcecode.cpp.h; path = Player_thinker.hpp; sourceTree = "<group>"; };
		2B69D8721CB608A800354EDA /* Player_learner.h */ = {isa = PBXFileReference; fileEncoding = 4; lastKnownFileType = sourcecode.c.h; path = Player_learner.h; sourceTree = "<group>"; };
		2B6CC3621CC7B9900063CBE8 /* Player_deepthinker.h */ = {isa = PBXFileReference; fileEncoding = 4; lastKnownFileType = sourcecode.c.h; path = Player_deepthinker.h; sourceTree = "<group>"; };
		2B9038C81CB3653E001D8311 /* Weight_chart.hpp */ = {isa = PBXFileReference; lastKnownFileType = sourcecode.cpp.h; path = Weight_chart.hpp; sourceTree = "<group>"; };
		2B9038C91CB36565001D8311 /* Player_awesome.hpp */ = {isa = PBXFileReference; lastKnownFileType = sourcecode.cpp.h; path = Player_awesome.hpp; sourceTree = "<group>"; };
		2B9038CA1CB36583001D8311 /* Weight_chart_fixed.hpp */ = {isa = PBXFileReference; lastKnownFileType = sourcecode.cpp.h; path = Weight_chart_fixed.hpp; sourceTree = "<group>"; };
/* End PBXFileReference section */

/* Begin PBXFrameworksBuildPhase section */
		2B310B491CAD5D87003E62D0 /* Frameworks */ = {
			isa = PBXFrameworksBuildPhase;
			buildActionMask = 2147483647;
			files = (
			);
			runOnlyForDeploymentPostprocessing = 0;
		};
/* End PBXFrameworksBuildPhase section */

/* Begin PBXGroup section */
		2B310B431CAD5D87003E62D0 = {
			isa = PBXGroup;
			children = (
				2B310B4E1CAD5D87003E62D0 /* CPE-593-group_project */,
				2B310B4D1CAD5D87003E62D0 /* Products */,
			);
			sourceTree = "<group>";
		};
		2B310B4D1CAD5D87003E62D0 /* Products */ = {
			isa = PBXGroup;
			children = (
				2B310B4C1CAD5D87003E62D0 /* CPE-593-group_project */,
			);
			name = Products;
			sourceTree = "<group>";
		};
		2B310B4E1CAD5D87003E62D0 /* CPE-593-group_project */ = {
			isa = PBXGroup;
			children = (
				2B310B4F1CAD5D87003E62D0 /* main.cpp */,
				2B310B5C1CB0C2E9003E62D0 /* Administer.hpp */,
				2B310B571CAD6643003E62D0 /* Board.hpp */,
				2B310B591CAD9697003E62D0 /* Player.hpp */,
				2B310B5A1CADA25F003E62D0 /* Player_human.hpp */,
				2B310B5D1CB2A759003E62D0 /* Player_random.hpp */,
				2B310B5F1CB2C335003E62D0 /* Player_greedy.hpp */,
				2B9038C91CB36565001D8311 /* Player_awesome.hpp */,
				2B9038C81CB3653E001D8311 /* Weight_chart.hpp */,
				2B9038CA1CB36583001D8311 /* Weight_chart_fixed.hpp */,
				2B69D8711CB5478200354EDA /* Player_thinker.hpp */,
				2B6CC3621CC7B9900063CBE8 /* Player_deepthinker.h */,
				2B69D8721CB608A800354EDA /* Player_learner.h */,
			);
			path = "CPE-593-group_project";
			sourceTree = "<group>";
		};
/* End PBXGroup section */

/* Begin PBXNativeTarget section */
		2B310B4B1CAD5D87003E62D0 /* CPE-593-group_project */ = {
			isa = PBXNativeTarget;
			buildConfigurationList = 2B310B531CAD5D87003E62D0 /* Build configuration list for PBXNativeTarget "CPE-593-group_project" */;
			buildPhases = (
				2B310B481CAD5D87003E62D0 /* Sources */,
				2B310B491CAD5D87003E62D0 /* Frameworks */,
				2B310B4A1CAD5D87003E62D0 /* CopyFiles */,
			);
			buildRules = (
			);
			dependencies = (
			);
			name = "CPE-593-group_project";
			productName = "CPE-593-group_project";
			productReference = 2B310B4C1CAD5D87003E62D0 /* CPE-593-group_project */;
			productType = "com.apple.product-type.tool";
		};
/* End PBXNativeTarget section */

/* Begin PBXProject section */
		2B310B441CAD5D87003E62D0 /* Project object */ = {
			isa = PBXProject;
			attributes = {
				LastUpgradeCheck = 0730;
				ORGANIZATIONNAME = FANXUEZHOU;
				TargetAttributes = {
					2B310B4B1CAD5D87003E62D0 = {
						CreatedOnToolsVersion = 7.3;
					};
				};
			};
			buildConfigurationList = 2B310B471CAD5D87003E62D0 /* Build configuration list for PBXProject "CPE-593-group_project" */;
			compatibilityVersion = "Xcode 3.2";
			developmentRegion = English;
			hasScannedForEncodings = 0;
			knownRegions = (
				en,
			);
			mainGroup = 2B310B431CAD5D87003E62D0;
			productRefGroup = 2B310B4D1CAD5D87003E62D0 /* Products */;
			projectDirPath = "";
			projectRoot = "";
			targets = (
				2B310B4B1CAD5D87003E62D0 /* CPE-593-group_project */,
			);
		};
/* End PBXProject section */

/* Begin PBXSourcesBuildPhase section */
		2B310B481CAD5D87003E62D0 /* Sources */ = {
			isa = PBXSourcesBuildPhase;
			buildActionMask = 2147483647;
			files = (
				2B310B501CAD5D87003E62D0 /* main.cpp in Sources */,
			);
			runOnlyForDeploymentPostprocessing = 0;
		};
/* End PBXSourcesBuildPhase section */

/* Begin XCBuildConfiguration section */
		2B310B511CAD5D87003E62D0 /* Debug */ = {
			isa = XCBuildConfiguration;
			buildSettings = {
				ALWAYS_SEARCH_USER_PATHS = NO;
				CLANG_ANALYZER_NONNULL = YES;
				CLANG_CXX_LANGUAGE_STANDARD = "gnu++0x";
				CLANG_CXX_LIBRARY = "libc++";
				CLANG_ENABLE_MODULES = YES;
				CLANG_ENABLE_OBJC_ARC = YES;
				CLANG_WARN_BOOL_CONVERSION = YES;
				CLANG_WARN_CONSTANT_CONVERSION = YES;
				CLANG_WARN_DIRECT_OBJC_ISA_USAGE = YES_ERROR;
				CLANG_WARN_EMPTY_BODY = YES;
				CLANG_WARN_ENUM_CONVERSION = YES;
				CLANG_WARN_INT_CONVERSION = YES;
				CLANG_WARN_OBJC_ROOT_CLASS = YES_ERROR;
				CLANG_WARN_UNREACHABLE_CODE = YES;
				CLANG_WARN__DUPLICATE_METHOD_MATCH = YES;
				CODE_SIGN_IDENTITY = "-";
				COPY_PHASE_STRIP = NO;
				DEBUG_INFORMATION_FORMAT = dwarf;
				ENABLE_STRICT_OBJC_MSGSEND = YES;
				ENABLE_TESTABILITY = YES;
				GCC_C_LANGUAGE_STANDARD = gnu99;
				GCC_DYNAMIC_NO_PIC = NO;
				GCC_NO_COMMON_BLOCKS = YES;
				GCC_OPTIMIZATION_LEVEL = 0;
				GCC_PREPROCESSOR_DEFINITIONS = (
					"DEBUG=1",
					"$(inherited)",
				);
				GCC_WARN_64_TO_32_BIT_CONVERSION = YES;
				GCC_WARN_ABOUT_RETURN_TYPE = YES_ERROR;
				GCC_WARN_UNDECLARED_SELECTOR = YES;
				GCC_WARN_UNINITIALIZED_AUTOS = YES_AGGRESSIVE;
				GCC_WARN_UNUSED_FUNCTION = YES;
				GCC_WARN_UNUSED_VARIABLE = YES;
				MACOSX_DEPLOYMENT_TARGET = 10.11;
				MTL_ENABLE_DEBUG_INFO = YES;
				ONLY_ACTIVE_ARCH = YES;
				SDKROOT = macosx;
			};
			name = Debug;
		};
		2B310B521CAD5D87003E62D0 /* Release */ = {
			isa = XCBuildConfiguration;
			buildSettings = {
				ALWAYS_SEARCH_USER_PATHS = NO;
				CLANG_ANALYZER_NONNULL = YES;
				CLANG_CXX_LANGUAGE_STANDARD = "gnu++0x";
				CLANG_CXX_LIBRARY = "libc++";
				CLANG_ENABLE_MODULES = YES;
				CLANG_ENABLE_OBJC_ARC = YES;
				CLANG_WARN_BOOL_CONVERSION = YES;
				CLANG_WARN_CONSTANT_CONVERSION = YES;
				CLANG_WARN_DIRECT_OBJC_ISA_USAGE = YES_ERROR;
				CLANG_WARN_EMPTY_BODY = YES;
				CLANG_WARN_ENUM_CONVERSION = YES;
				CLANG_WARN_INT_CONVERSION = YES;
				CLANG_WARN_OBJC_ROOT_CLASS = YES_ERROR;
				CLANG_WARN_UNREACHABLE_CODE = YES;
				CLANG_WARN__DUPLICATE_METHOD_MATCH = YES;
				CODE_SIGN_IDENTITY = "-";
				COPY_PHASE_STRIP = NO;
				DEBUG_INFORMATION_FORMAT = "dwarf-with-dsym";
				ENABLE_NS_ASSERTIONS = NO;
				ENABLE_STRICT_OBJC_MSGSEND = YES;
				GCC_C_LANGUAGE_STANDARD = gnu99;
				GCC_NO_COMMON_BLOCKS = YES;
				GCC_WARN_64_TO_32_BIT_CONVERSION = YES;
				GCC_WARN_ABOUT_RETURN_TYPE = YES_ERROR;
				GCC_WARN_UNDECLARED_SELECTOR = YES;
				GCC_WARN_UNINITIALIZED_AUTOS = YES_AGGRESSIVE;
				GCC_WARN_UNUSED_FUNCTION = YES;
				GCC_WARN_UNUSED_VARIABLE = YES;
				MACOSX_DEPLOYMENT_TARGET = 10.11;
				MTL_ENABLE_DEBUG_INFO = NO;
				SDKROOT = macosx;
			};
			name = Release;
		};
		2B310B541CAD5D87003E62D0 /* Debug */ = {
			isa = XCBuildConfiguration;
			buildSettings = {
				PRODUCT_NAME = "$(TARGET_NAME)";
			};
			name = Debug;
		};
		2B310B551CAD5D87003E62D0 /* Release */ = {
			isa = XCBuildConfiguration;
			buildSettings = {
				PRODUCT_NAME = "$(TARGET_NAME)";
			};
			name = Release;
		};
/* End XCBuildConfiguration section */

/* Begin XCConfigurationList section */
		2B310B471CAD5D87003E62D0 /* Build configuration list for PBXProject "CPE-593-group_project" */ = {
			isa = XCConfigurationList;
			buildConfigurations = (
				2B310B511CAD5D87003E62D0 /* Debug */,
				2B310B521CAD5D87003E62D0 /* Release */,
			);
			defaultConfigurationIsVisible = 0;
			defaultConfigurationName = Release;
		};
		2B310B531CAD5D87003E62D0 /* Build configuration list for PBXNativeTarget "CPE-593-group_project" */ = {
			isa = XCConfigurationList;
			buildConfigurations = (
				2B310B541CAD5D87003E62D0 /* Debug */,
				2B310B551CAD5D87003E62D0 /* Release */,
			);
			defaultConfigurationIsVisible = 0;
			defaultConfigurationName = Release;
		};
/* End XCConfigurationList section */
	};
	rootObject = 2B310B441CAD5D87003E62D0 /* Project object */;
}
